
Microsoft Visual Studio Solution File, Format Version 12.00
# Visual Studio Version 17
VisualStudioVersion = 17.5.33414.496
MinimumVisualStudioVersion = 10.0.40219.1
Project("{8BC9CEB8-8B4A-11D0-8D11-00A0C91BC942}") = "Computer_Graphy", "Computer_Graphy\Computer_Graphy.vcxproj", "{79E87297-3A4C-4000-8C33-ADF0AA055687}"
EndProject
Project("{8BC9CEB8-8B4A-11D0-8D11-00A0C91BC942}") = "Prog5_1_texturedPyramid", "Prog5_1_texturedPyramid\Prog5_1_texturedPyramid.vcxproj", "{5C52C023-F868-4408-99B5-77616FD475CF}"
EndProject
Project("{8BC9CEB8-8B4A-11D0-8D11-00A0C91BC942}") = "Prog5_1b_texturedPyramidMipmapAniso", "Prog5_1b_texturedPyramidMipmapAniso\Prog5_1b_texturedPyramidMipmapAniso.vcxproj", "{80EF303A-1C56-4C58-A32D-1C3D2CC40A1D}"
EndProject
Project("{8BC9CEB8-8B4A-11D0-8D11-00A0C91BC942}") = "Prog6_3D", "Prog6_3D\Prog6_3D.vcxproj", "{5D609660-1200-46DC-BEAE-188A58230F16}"
EndProject
Global
	GlobalSection(SolutionConfigurationPlatforms) = preSolution
		Debug|x64 = Debug|x64
		Debug|x86 = Debug|x86
		Release|x64 = Release|x64
		Release|x86 = Release|x86
	EndGlobalSection
	GlobalSection(ProjectConfigurationPlatforms) = postSolution
		{79E87297-3A4C-4000-8C33-ADF0AA055687}.Debug|x64.ActiveCfg = Debug|x64
		{79E87297-3A4C-4000-8C33-ADF0AA055687}.Debug|x64.Build.0 = Debug|x64
		{79E87297-3A4C-4000-8C33-ADF0AA055687}.Debug|x86.ActiveCfg = Debug|Win32
		{79E87297-3A4C-4000-8C33-ADF0AA055687}.Debug|x86.Build.0 = Debug|Win32
		{79E87297-3A4C-4000-8C33-ADF0AA055687}.Release|x64.ActiveCfg = Release|x64
		{79E87297-3A4C-4000-8C33-ADF0AA055687}.Release|x64.Build.0 = Release|x64
		{79E87297-3A4C-4000-8C33-ADF0AA055687}.Release|x86.ActiveCfg = Release|Win32
		{79E87297-3A4C-4000-8C33-ADF0AA055687}.Release|x86.Build.0 = Release|Win32
		{5C52C023-F868-4408-99B5-77616FD475CF}.Debug|x64.ActiveCfg = Debug|x64
		{5C52C023-F868-4408-99B5-77616FD475CF}.Debug|x64.Build.0 = Debug|x64
		{5C52C023-F868-4408-99B5-77616FD475CF}.Debug|x86.ActiveCfg = Debug|Win32
		{5C52C023-F868-4408-99B5-77616FD475CF}.Debug|x86.Build.0 = Debug|Win32
		{5C52C023-F868-4408-99B5-77616FD475CF}.Release|x64.ActiveCfg = Release|x64
		{5C52C023-F868-4408-99B5-77616FD475CF}.Release|x64.Build.0 = Release|x64
		{5C52C023-F868-4408-99B5-77616FD475CF}.Release|x86.ActiveCfg = Release|Win32
		{5C52C023-F868-4408-99B5-77616FD475CF}.Release|x86.Build.0 = Release|Win32
		{80EF303A-1C56-4C58-A32D-1C3D2CC40A1D}.Debug|x64.ActiveCfg = Debug|x64
		{80EF303A-1C56-4C58-A32D-1C3D2CC40A1D}.Debug|x64.Build.0 = Debug|x64
		{80EF303A-1C56-4C58-A32D-1C3D2CC40A1D}.Debug|x86.ActiveCfg = Debug|Win32
		{80EF303A-1C56-4C58-A32D-1C3D2CC40A1D}.Debug|x86.Build.0 = Debug|Win32
		{80EF303A-1C56-4C58-A32D-1C3D2CC40A1D}.Release|x64.ActiveCfg = Release|x64
		{80EF303A-1C56-4C58-A32D-1C3D2CC40A1D}.Release|x64.Build.0 = Release|x64
		{80EF303A-1C56-4C58-A32D-1C3D2CC40A1D}.Release|x86.ActiveCfg = Release|Win32
		{80EF303A-1C56-4C58-A32D-1C3D2CC40A1D}.Release|x86.Build.0 = Release|Win32
		{5D609660-1200-46DC-BEAE-188A58230F16}.Debug|x64.ActiveCfg = Debug|x64
		{5D609660-1200-46DC-BEAE-188A58230F16}.Debug|x64.Build.0 = Debug|x64
		{5D609660-1200-46DC-BEAE-188A58230F16}.Debug|x86.ActiveCfg = Debug|Win32
		{5D609660-1200-46DC-BEAE-188A58230F16}.Debug|x86.Build.0 = Debug|Win32
		{5D609660-1200-46DC-BEAE-188A58230F16}.Release|x64.ActiveCfg = Release|x64
		{5D609660-1200-46DC-BEAE-188A58230F16}.Release|x64.Build.0 = Release|x64
		{5D609660-1200-46DC-BEAE-188A58230F16}.Release|x86.ActiveCfg = Release|Win32
		{5D609660-1200-46DC-BEAE-188A58230F16}.Release|x86.Build.0 = Release|Win32
	EndGlobalSection
	GlobalSection(SolutionProperties) = preSolution
		HideSolutionNode = FALSE
	EndGlobalSection
	GlobalSection(ExtensibilityGlobals) = postSolution
		SolutionGuid = {82C96253-72B8-4E19-8E75-BDC6B05B7500}
	EndGlobalSection
EndGlobal
